
Microsoft Visual Studio Solution File, Format Version 12.00
# Visual Studio 14
VisualStudioVersion = 14.0.25123.0
MinimumVisualStudioVersion = 10.0.40219.1
Project("{FAE04EC0-301F-11D3-BF4B-00C04F79EFBC}") = "TP 7", "TP 7\TP 7.csproj", "{DD8BEBF6-C4E7-4090-B845-4A9106A657DA}"
EndProject
Global
	GlobalSection(SolutionConfigurationPlatforms) = preSolution
		Debug|Any CPU = Debug|Any CPU
		Release|Any CPU = Release|Any CPU
	EndGlobalSection
	GlobalSection(ProjectConfigurationPlatforms) = postSolution
		{DD8BEBF6-C4E7-4090-B845-4A9106A657DA}.Debug|Any CPU.ActiveCfg = Debug|Any CPU
		{DD8BEBF6-C4E7-4090-B845-4A9106A657DA}.Debug|Any CPU.Build.0 = Debug|Any CPU
		{DD8BEBF6-C4E7-4090-B845-4A9106A657DA}.Release|Any CPU.ActiveCfg = Release|Any CPU
		{DD8BEBF6-C4E7-4090-B845-4A9106A657DA}.Release|Any CPU.Build.0 = Release|Any CPU
	EndGlobalSection
	GlobalSection(SolutionProperties) = preSolution
		HideSolutionNode = FALSE
	EndGlobalSection
EndGlobal
